Microsoft Visual Studio Solution File, Format Version 12.00
# Visual Studio 15
VisualStudioVersion = 15.0.26124.0
MinimumVisualStudioVersion = 15.0.26124.0
Project("{2150E333-8FDC-42A3-9474-1A3956D46DE8}") = "src", "src", "{87F6C079-CBD7-4866-BDEB-CBDEA9E51D2A}"
EndProject
Project("{F2A71F9B-5D33-465A-A702-920D77279786}") = "Todo", "src\Todo\Todo.fsproj", "{DE4BBD16-1798-44ED-B895-945EA60BE870}"
EndProject
Project("{6EC3EE1D-3C4E-46DD-8F32-0CC8E7565705}") = "Web", "src\Web\Web.fsproj", "{1481BBD6-A6DA-4912-A03A-134880D14701}"
EndProject
Project("{2150E333-8FDC-42A3-9474-1A3956D46DE8}") = "Solution Items", "Solution Items", "{AA3D9964-42D1-4513-B7A7-4AC9D85FEA5A}"
	ProjectSection(SolutionItems) = preProject
		.gitignore = .gitignore
		paket.dependencies = paket.dependencies
		README.md = README.md
	EndProjectSection
EndProject
Project("{F2A71F9B-5D33-465A-A702-920D77279786}") = "Server", "src\Server\Server.fsproj", "{CFF3EE1E-05CE-4B02-A3B1-0F4FA9F90A87}"
EndProject
Project("{F2A71F9B-5D33-465A-A702-920D77279786}") = "Todo.Tests", "src\Todo.Tests\Todo.Tests.fsproj", "{D02296C8-3F44-427B-A50A-08B14F809472}"
EndProject
Global
	GlobalSection(SolutionConfigurationPlatforms) = preSolution
		Debug|Any CPU = Debug|Any CPU
		Debug|x64 = Debug|x64
		Debug|x86 = Debug|x86
		Release|Any CPU = Release|Any CPU
		Release|x64 = Release|x64
		Release|x86 = Release|x86
	EndGlobalSection
	GlobalSection(ProjectConfigurationPlatforms) = postSolution
		{1481BBD6-A6DA-4912-A03A-134880D14701}.Debug|Any CPU.ActiveCfg = Debug|Any CPU
		{1481BBD6-A6DA-4912-A03A-134880D14701}.Debug|Any CPU.Build.0 = Debug|Any CPU
		{1481BBD6-A6DA-4912-A03A-134880D14701}.Debug|x64.ActiveCfg = Debug|Any CPU
		{1481BBD6-A6DA-4912-A03A-134880D14701}.Debug|x64.Build.0 = Debug|Any CPU
		{1481BBD6-A6DA-4912-A03A-134880D14701}.Debug|x86.ActiveCfg = Debug|Any CPU
		{1481BBD6-A6DA-4912-A03A-134880D14701}.Debug|x86.Build.0 = Debug|Any CPU
		{1481BBD6-A6DA-4912-A03A-134880D14701}.Release|Any CPU.ActiveCfg = Release|Any CPU
		{1481BBD6-A6DA-4912-A03A-134880D14701}.Release|Any CPU.Build.0 = Release|Any CPU
		{1481BBD6-A6DA-4912-A03A-134880D14701}.Release|x64.ActiveCfg = Release|Any CPU
		{1481BBD6-A6DA-4912-A03A-134880D14701}.Release|x64.Build.0 = Release|Any CPU
		{1481BBD6-A6DA-4912-A03A-134880D14701}.Release|x86.ActiveCfg = Release|Any CPU
		{1481BBD6-A6DA-4912-A03A-134880D14701}.Release|x86.Build.0 = Release|Any CPU
		{DE4BBD16-1798-44ED-B895-945EA60BE870}.Debug|Any CPU.ActiveCfg = Debug|Any CPU
		{DE4BBD16-1798-44ED-B895-945EA60BE870}.Debug|Any CPU.Build.0 = Debug|Any CPU
		{DE4BBD16-1798-44ED-B895-945EA60BE870}.Debug|x64.ActiveCfg = Debug|Any CPU
		{DE4BBD16-1798-44ED-B895-945EA60BE870}.Debug|x64.Build.0 = Debug|Any CPU
		{DE4BBD16-1798-44ED-B895-945EA60BE870}.Debug|x86.ActiveCfg = Debug|Any CPU
		{DE4BBD16-1798-44ED-B895-945EA60BE870}.Debug|x86.Build.0 = Debug|Any CPU
		{DE4BBD16-1798-44ED-B895-945EA60BE870}.Release|Any CPU.ActiveCfg = Release|Any CPU
		{DE4BBD16-1798-44ED-B895-945EA60BE870}.Release|Any CPU.Build.0 = Release|Any CPU
		{DE4BBD16-1798-44ED-B895-945EA60BE870}.Release|x64.ActiveCfg = Release|Any CPU
		{DE4BBD16-1798-44ED-B895-945EA60BE870}.Release|x64.Build.0 = Release|Any CPU
		{DE4BBD16-1798-44ED-B895-945EA60BE870}.Release|x86.ActiveCfg = Release|Any CPU
		{DE4BBD16-1798-44ED-B895-945EA60BE870}.Release|x86.Build.0 = Release|Any CPU
		{CFF3EE1E-05CE-4B02-A3B1-0F4FA9F90A87}.Debug|Any CPU.ActiveCfg = Debug|Any CPU
		{CFF3EE1E-05CE-4B02-A3B1-0F4FA9F90A87}.Debug|Any CPU.Build.0 = Debug|Any CPU
		{CFF3EE1E-05CE-4B02-A3B1-0F4FA9F90A87}.Debug|x64.ActiveCfg = Debug|Any CPU
		{CFF3EE1E-05CE-4B02-A3B1-0F4FA9F90A87}.Debug|x64.Build.0 = Debug|Any CPU
		{CFF3EE1E-05CE-4B02-A3B1-0F4FA9F90A87}.Debug|x86.ActiveCfg = Debug|Any CPU
		{CFF3EE1E-05CE-4B02-A3B1-0F4FA9F90A87}.Debug|x86.Build.0 = Debug|Any CPU
		{CFF3EE1E-05CE-4B02-A3B1-0F4FA9F90A87}.Release|Any CPU.ActiveCfg = Release|Any CPU
		{CFF3EE1E-05CE-4B02-A3B1-0F4FA9F90A87}.Release|Any CPU.Build.0 = Release|Any CPU
		{CFF3EE1E-05CE-4B02-A3B1-0F4FA9F90A87}.Release|x64.ActiveCfg = Release|Any CPU
		{CFF3EE1E-05CE-4B02-A3B1-0F4FA9F90A87}.Release|x64.Build.0 = Release|Any CPU
		{CFF3EE1E-05CE-4B02-A3B1-0F4FA9F90A87}.Release|x86.ActiveCfg = Release|Any CPU
		{CFF3EE1E-05CE-4B02-A3B1-0F4FA9F90A87}.Release|x86.Build.0 = Release|Any CPU
		{D02296C8-3F44-427B-A50A-08B14F809472}.Debug|Any CPU.ActiveCfg = Debug|Any CPU
		{D02296C8-3F44-427B-A50A-08B14F809472}.Debug|Any CPU.Build.0 = Debug|Any CPU
		{D02296C8-3F44-427B-A50A-08B14F809472}.Debug|x64.ActiveCfg = Debug|Any CPU
		{D02296C8-3F44-427B-A50A-08B14F809472}.Debug|x64.Build.0 = Debug|Any CPU
		{D02296C8-3F44-427B-A50A-08B14F809472}.Debug|x86.ActiveCfg = Debug|Any CPU
		{D02296C8-3F44-427B-A50A-08B14F809472}.Debug|x86.Build.0 = Debug|Any CPU
		{D02296C8-3F44-427B-A50A-08B14F809472}.Release|Any CPU.ActiveCfg = Release|Any CPU
		{D02296C8-3F44-427B-A50A-08B14F809472}.Release|Any CPU.Build.0 = Release|Any CPU
		{D02296C8-3F44-427B-A50A-08B14F809472}.Release|x64.ActiveCfg = Release|Any CPU
		{D02296C8-3F44-427B-A50A-08B14F809472}.Release|x64.Build.0 = Release|Any CPU
		{D02296C8-3F44-427B-A50A-08B14F809472}.Release|x86.ActiveCfg = Release|Any CPU
		{D02296C8-3F44-427B-A50A-08B14F809472}.Release|x86.Build.0 = Release|Any CPU
	EndGlobalSection
	GlobalSection(SolutionProperties) = preSolution
		HideSolutionNode = FALSE
	EndGlobalSection
	GlobalSection(NestedProjects) = preSolution
		{1481BBD6-A6DA-4912-A03A-134880D14701} = {87F6C079-CBD7-4866-BDEB-CBDEA9E51D2A}
		{DE4BBD16-1798-44ED-B895-945EA60BE870} = {87F6C079-CBD7-4866-BDEB-CBDEA9E51D2A}
		{CFF3EE1E-05CE-4B02-A3B1-0F4FA9F90A87} = {87F6C079-CBD7-4866-BDEB-CBDEA9E51D2A}
		{D02296C8-3F44-427B-A50A-08B14F809472} = {87F6C079-CBD7-4866-BDEB-CBDEA9E51D2A}
	EndGlobalSection
	GlobalSection(ExtensibilityGlobals) = postSolution
		SolutionGuid = {8CFD6033-FB8D-48BE-9628-9D83DC023CAB}
	EndGlobalSection
EndGlobal
